
Microsoft Visual Studio Solution File, Format Version 12.00
# Visual Studio Version 17
VisualStudioVersion = 17.8.34330.188
MinimumVisualStudioVersion = 10.0.40219.1
Project("{FAE04EC0-301F-11D3-BF4B-00C04F79EFBC}") = "FStudentManagement", "FStudentManagement.csproj", "{BD558B2D-53EB-4948-A018-D7AB523013FB}"
EndProject
Global
	GlobalSection(SolutionConfigurationPlatforms) = preSolution
		Debug|Any CPU = Debug|Any CPU
		Release|Any CPU = Release|Any CPU
	EndGlobalSection
	GlobalSection(ProjectConfigurationPlatforms) = postSolution
		{BD558B2D-53EB-4948-A018-D7AB523013FB}.Debug|Any CPU.ActiveCfg = Debug|Any CPU
		{BD558B2D-53EB-4948-A018-D7AB523013FB}.Debug|Any CPU.Build.0 = Debug|Any CPU
		{BD558B2D-53EB-4948-A018-D7AB523013FB}.Release|Any CPU.ActiveCfg = Release|Any CPU
		{BD558B2D-53EB-4948-A018-D7AB523013FB}.Release|Any CPU.Build.0 = Release|Any CPU
	EndGlobalSection
	GlobalSection(SolutionProperties) = preSolution
		HideSolutionNode = FALSE
	EndGlobalSection
	GlobalSection(ExtensibilityGlobals) = postSolution
		SolutionGuid = {EB03CE31-CE64-4060-B5C1-C1FF5D9B1261}
	EndGlobalSection
EndGlobal
